// !$*UTF8*$!
{
	archiveVersion = 1;
	classes = {
	};
	objectVersion = 53;
	objects = {

/* Begin PBXBuildFile section */
		3C141EB7293D491A00F532CB /* AppDelegate.swift in Sources */ = {isa = PBXBuildFile; fileRef = 3C141EB6293D491A00F532CB /* AppDelegate.swift */; };
		3C141EB9293D491A00F532CB /* SceneDelegate.swift in Sources */ = {isa = PBXBuildFile; fileRef = 3C141EB8293D491A00F532CB /* SceneDelegate.swift */; };
		3C141EBB293D491A00F532CB /* SearchViewController.swift in Sources */ = {isa = PBXBuildFile; fileRef = 3C141EBA293D491A00F532CB /* SearchViewController.swift */; };
		3C141EBE293D491A00F532CB /* Main.storyboard in Resources */ = {isa = PBXBuildFile; fileRef = 3C141EBC293D491A00F532CB /* Main.storyboard */; };
		3C141EC1293D491A00F532CB /* Canadian_Swiss_Army_Knife.xcdatamodeld in Sources */ = {isa = PBXBuildFile; fileRef = 3C141EBF293D491A00F532CB /* Canadian_Swiss_Army_Knife.xcdatamodeld */; };
		3C141EC3293D491B00F532CB /* Assets.xcassets in Resources */ = {isa = PBXBuildFile; fileRef = 3C141EC2293D491B00F532CB /* Assets.xcassets */; };
		3C141EC6293D491B00F532CB /* LaunchScreen.storyboard in Resources */ = {isa = PBXBuildFile; fileRef = 3C141EC4293D491B00F532CB /* LaunchScreen.storyboard */; };
		3C141ECE293D4A2200F532CB /* UnitConverterViewController.swift in Sources */ = {isa = PBXBuildFile; fileRef = 3C141ECD293D4A2200F532CB /* UnitConverterViewController.swift */; };
		3C141ED0293D4AAF00F532CB /* CameraViewController.swift in Sources */ = {isa = PBXBuildFile; fileRef = 3C141ECF293D4AAF00F532CB /* CameraViewController.swift */; };
		3C141ED2293D4ACF00F532CB /* MapViewController.swift in Sources */ = {isa = PBXBuildFile; fileRef = 3C141ED1293D4ACF00F532CB /* MapViewController.swift */; };
		3C3C882B29403CB300667C3C /* SearchResultViewController.swift in Sources */ = {isa = PBXBuildFile; fileRef = 3C3C882A29403CB300667C3C /* SearchResultViewController.swift */; };
		3C3C882D29404F6800667C3C /* UnitConverterCollectionViewCell.swift in Sources */ = {isa = PBXBuildFile; fileRef = 3C3C882C29404F6800667C3C /* UnitConverterCollectionViewCell.swift */; };
		3C3C8832294060E400667C3C /* LengthUnitConverterDetailViewController.swift in Sources */ = {isa = PBXBuildFile; fileRef = 3C3C8830294060E400667C3C /* LengthUnitConverterDetailViewController.swift */; };
		3C3C8837294132F000667C3C /* CameraPreviewView.swift in Sources */ = {isa = PBXBuildFile; fileRef = 3C3C8836294132F000667C3C /* CameraPreviewView.swift */; };
		3CA8A42A2941C49D003F9D42 /* Localizable.strings in CopyFiles */ = {isa = PBXBuildFile; fileRef = 3CA8A4282941C49D003F9D42 /* Localizable.strings */; };
		3CE5FD892941C00800AD60F1 /* LocalizedStrings.swift in Sources */ = {isa = PBXBuildFile; fileRef = 3CE5FD882941C00800AD60F1 /* LocalizedStrings.swift */; };
		3CFDF7EC2943D95A004B1979 /* Utils.swift in Sources */ = {isa = PBXBuildFile; fileRef = 3CFDF7EB2943D95A004B1979 /* Utils.swift */; };
/* End PBXBuildFile section */

/* Begin PBXCopyFilesBuildPhase section */
		3CA8A4272941C472003F9D42 /* CopyFiles */ = {
			isa = PBXCopyFilesBuildPhase;
			buildActionMask = 2147483647;
			dstPath = "";
			dstSubfolderSpec = 7;
			files = (
				3CA8A42A2941C49D003F9D42 /* Localizable.strings in CopyFiles */,
			);
			runOnlyForDeploymentPostprocessing = 0;
		};
/* End PBXCopyFilesBuildPhase section */

/* Begin PBXFileReference section */
		3C141EB3293D491A00F532CB /* Canadian Swiss Army Knife.app */ = {isa = PBXFileReference; explicitFileType = wrapper.application; includeInIndex = 0; path = "Canadian Swiss Army Knife.app"; sourceTree = BUILT_PRODUCTS_DIR; };
		3C141EB6293D491A00F532CB /* AppDelegate.swift */ = {isa = PBXFileReference; lastKnownFileType = sourcecode.swift; path = AppDelegate.swift; sourceTree = "<group>"; };
		3C141EB8293D491A00F532CB /* SceneDelegate.swift */ = {isa = PBXFileReference; lastKnownFileType = sourcecode.swift; path = SceneDelegate.swift; sourceTree = "<group>"; };
		3C141EBA293D491A00F532CB /* SearchViewController.swift */ = {isa = PBXFileReference; lastKnownFileType = sourcecode.swift; path = SearchViewController.swift; sourceTree = "<group>"; };
		3C141EBD293D491A00F532CB /* Base */ = {isa = PBXFileReference; lastKnownFileType = file.storyboard; name = Base; path = Base.lproj/Main.storyboard; sourceTree = "<group>"; };
		3C141EC0293D491A00F532CB /* Canadian_Swiss_Army_Knife.xcdatamodel */ = {isa = PBXFileReference; lastKnownFileType = wrapper.xcdatamodel; path = Canadian_Swiss_Army_Knife.xcdatamodel; sourceTree = "<group>"; };
		3C141EC2293D491B00F532CB /* Assets.xcassets */ = {isa = PBXFileReference; lastKnownFileType = folder.assetcatalog; path = Assets.xcassets; sourceTree = "<group>"; };
		3C141EC5293D491B00F532CB /* Base */ = {isa = PBXFileReference; lastKnownFileType = file.storyboard; name = Base; path = Base.lproj/LaunchScreen.storyboard; sourceTree = "<group>"; };
		3C141EC7293D491B00F532CB /* Info.plist */ = {isa = PBXFileReference; lastKnownFileType = text.plist.xml; path = Info.plist; sourceTree = "<group>"; };
		3C141ECD293D4A2200F532CB /* UnitConverterViewController.swift */ = {isa = PBXFileReference; lastKnownFileType = sourcecode.swift; path = UnitConverterViewController.swift; sourceTree = "<group>"; };
		3C141ECF293D4AAF00F532CB /* CameraViewController.swift */ = {isa = PBXFileReference; lastKnownFileType = sourcecode.swift; path = CameraViewController.swift; sourceTree = "<group>"; };
		3C141ED1293D4ACF00F532CB /* MapViewController.swift */ = {isa = PBXFileReference; lastKnownFileType = sourcecode.swift; path = MapViewController.swift; sourceTree = "<group>"; };
		3C3C882A29403CB300667C3C /* SearchResultViewController.swift */ = {isa = PBXFileReference; lastKnownFileType = sourcecode.swift; path = SearchResultViewController.swift; sourceTree = "<group>"; };
		3C3C882C29404F6800667C3C /* UnitConverterCollectionViewCell.swift */ = {isa = PBXFileReference; lastKnownFileType = sourcecode.swift; path = UnitConverterCollectionViewCell.swift; sourceTree = "<group>"; };
		3C3C8830294060E400667C3C /* LengthUnitConverterDetailViewController.swift */ = {isa = PBXFileReference; fileEncoding = 4; lastKnownFileType = sourcecode.swift; path = LengthUnitConverterDetailViewController.swift; sourceTree = "<group>"; };
		3C3C8836294132F000667C3C /* CameraPreviewView.swift */ = {isa = PBXFileReference; lastKnownFileType = sourcecode.swift; path = CameraPreviewView.swift; sourceTree = "<group>"; };
		3CA8A4292941C49D003F9D42 /* fr-CA */ = {isa = PBXFileReference; lastKnownFileType = text.plist.strings; name = "fr-CA"; path = "Canadian Swiss Army Knife/fr-CA.lproj/Localizable.strings"; sourceTree = "<group>"; };
		3CE5FD862941BEE800AD60F1 /* en */ = {isa = PBXFileReference; lastKnownFileType = text.plist.strings; name = en; path = en.lproj/Main.strings; sourceTree = "<group>"; };
		3CE5FD872941BF3400AD60F1 /* fr-CA */ = {isa = PBXFileReference; lastKnownFileType = text.plist.strings; name = "fr-CA"; path = "fr-CA.lproj/Main.strings"; sourceTree = "<group>"; };
		3CE5FD882941C00800AD60F1 /* LocalizedStrings.swift */ = {isa = PBXFileReference; lastKnownFileType = sourcecode.swift; path = LocalizedStrings.swift; sourceTree = "<group>"; };
		3CFDF7EB2943D95A004B1979 /* Utils.swift */ = {isa = PBXFileReference; lastKnownFileType = sourcecode.swift; path = Utils.swift; sourceTree = "<group>"; };
/* End PBXFileReference section */

/* Begin PBXFrameworksBuildPhase section */
		3C141EB0293D491A00F532CB /* Frameworks */ = {
			isa = PBXFrameworksBuildPhase;
			buildActionMask = 2147483647;
			files = (
			);
			runOnlyForDeploymentPostprocessing = 0;
		};
/* End PBXFrameworksBuildPhase section */

/* Begin PBXGroup section */
		3C141EAA293D491A00F532CB = {
			isa = PBXGroup;
			children = (
				3CA8A4282941C49D003F9D42 /* Localizable.strings */,
				3C141EB5293D491A00F532CB /* Canadian Swiss Army Knife */,
				3C141EB4293D491A00F532CB /* Products */,
			);
			sourceTree = "<group>";
		};
		3C141EB4293D491A00F532CB /* Products */ = {
			isa = PBXGroup;
			children = (
				3C141EB3293D491A00F532CB /* Canadian Swiss Army Knife.app */,
			);
			name = Products;
			sourceTree = "<group>";
		};
		3C141EB5293D491A00F532CB /* Canadian Swiss Army Knife */ = {
			isa = PBXGroup;
			children = (
				3C141EB6293D491A00F532CB /* AppDelegate.swift */,
				3C141EB8293D491A00F532CB /* SceneDelegate.swift */,
				3C141EBA293D491A00F532CB /* SearchViewController.swift */,
				3C3C882A29403CB300667C3C /* SearchResultViewController.swift */,
				3C141ECD293D4A2200F532CB /* UnitConverterViewController.swift */,
				3C3C8830294060E400667C3C /* LengthUnitConverterDetailViewController.swift */,
				3C3C882C29404F6800667C3C /* UnitConverterCollectionViewCell.swift */,
				3C141ECF293D4AAF00F532CB /* CameraViewController.swift */,
				3C3C8836294132F000667C3C /* CameraPreviewView.swift */,
				3C141ED1293D4ACF00F532CB /* MapViewController.swift */,
				3C141EBC293D491A00F532CB /* Main.storyboard */,
				3C141EC2293D491B00F532CB /* Assets.xcassets */,
				3C141EC4293D491B00F532CB /* LaunchScreen.storyboard */,
				3C141EC7293D491B00F532CB /* Info.plist */,
				3C141EBF293D491A00F532CB /* Canadian_Swiss_Army_Knife.xcdatamodeld */,
				3CE5FD882941C00800AD60F1 /* LocalizedStrings.swift */,
				3CFDF7EB2943D95A004B1979 /* Utils.swift */,
			);
			path = "Canadian Swiss Army Knife";
			sourceTree = "<group>";
		};
/* End PBXGroup section */

/* Begin PBXNativeTarget section */
		3C141EB2293D491A00F532CB /* Canadian Swiss Army Knife */ = {
			isa = PBXNativeTarget;
			buildConfigurationList = 3C141ECA293D491B00F532CB /* Build configuration list for PBXNativeTarget "Canadian Swiss Army Knife" */;
			buildPhases = (
				3C141EAF293D491A00F532CB /* Sources */,
				3C141EB0293D491A00F532CB /* Frameworks */,
				3C141EB1293D491A00F532CB /* Resources */,
				3CA8A4272941C472003F9D42 /* CopyFiles */,
			);
			buildRules = (
			);
			dependencies = (
			);
			name = "Canadian Swiss Army Knife";
			productName = "Canadian Swiss Army Knife";
			productReference = 3C141EB3293D491A00F532CB /* Canadian Swiss Army Knife.app */;
			productType = "com.apple.product-type.application";
		};
/* End PBXNativeTarget section */

/* Begin PBXProject section */
		3C141EAB293D491A00F532CB /* Project object */ = {
			isa = PBXProject;
			attributes = {
				BuildIndependentTargetsInParallel = 1;
				LastSwiftUpdateCheck = 1410;
				LastUpgradeCheck = 1410;
				TargetAttributes = {
					3C141EB2293D491A00F532CB = {
						CreatedOnToolsVersion = 14.1;
					};
				};
			};
			buildConfigurationList = 3C141EAE293D491A00F532CB /* Build configuration list for PBXProject "Canadian Swiss Army Knife" */;
			compatibilityVersion = "Xcode 9.3";
			developmentRegion = en;
			hasScannedForEncodings = 0;
			knownRegions = (
				en,
				Base,
				"fr-CA",
			);
			mainGroup = 3C141EAA293D491A00F532CB;
			productRefGroup = 3C141EB4293D491A00F532CB /* Products */;
			projectDirPath = "";
			projectRoot = "";
			targets = (
				3C141EB2293D491A00F532CB /* Canadian Swiss Army Knife */,
			);
		};
/* End PBXProject section */

/* Begin PBXResourcesBuildPhase section */
		3C141EB1293D491A00F532CB /* Resources */ = {
			isa = PBXResourcesBuildPhase;
			buildActionMask = 2147483647;
			files = (
				3C141EC6293D491B00F532CB /* LaunchScreen.storyboard in Resources */,
				3C141EC3293D491B00F532CB /* Assets.xcassets in Resources */,
				3C141EBE293D491A00F532CB /* Main.storyboard in Resources */,
			);
			runOnlyForDeploymentPostprocessing = 0;
		};
/* End PBXResourcesBuildPhase section */

/* Begin PBXSourcesBuildPhase section */
		3C141EAF293D491A00F532CB /* Sources */ = {
			isa = PBXSourcesBuildPhase;
			buildActionMask = 2147483647;
			files = (
				3C141EBB293D491A00F532CB /* SearchViewController.swift in Sources */,
				3C141EC1293D491A00F532CB /* Canadian_Swiss_Army_Knife.xcdatamodeld in Sources */,
				3C141EB7293D491A00F532CB /* AppDelegate.swift in Sources */,
				3C3C882D29404F6800667C3C /* UnitConverterCollectionViewCell.swift in Sources */,
				3C3C8837294132F000667C3C /* CameraPreviewView.swift in Sources */,
				3CFDF7EC2943D95A004B1979 /* Utils.swift in Sources */,
				3C141EB9293D491A00F532CB /* SceneDelegate.swift in Sources */,
				3C141ECE293D4A2200F532CB /* UnitConverterViewController.swift in Sources */,
				3C3C8832294060E400667C3C /* LengthUnitConverterDetailViewController.swift in Sources */,
				3C141ED0293D4AAF00F532CB /* CameraViewController.swift in Sources */,
				3C3C882B29403CB300667C3C /* SearchResultViewController.swift in Sources */,
				3CE5FD892941C00800AD60F1 /* LocalizedStrings.swift in Sources */,
				3C141ED2293D4ACF00F532CB /* MapViewController.swift in Sources */,
			);
			runOnlyForDeploymentPostprocessing = 0;
		};
/* End PBXSourcesBuildPhase section */

/* Begin PBXVariantGroup section */
		3C141EBC293D491A00F532CB /* Main.storyboard */ = {
			isa = PBXVariantGroup;
			children = (
				3C141EBD293D491A00F532CB /* Base */,
				3CE5FD862941BEE800AD60F1 /* en */,
				3CE5FD872941BF3400AD60F1 /* fr-CA */,
			);
			name = Main.storyboard;
			sourceTree = "<group>";
		};
		3C141EC4293D491B00F532CB /* LaunchScreen.storyboard */ = {
			isa = PBXVariantGroup;
			children = (
				3C141EC5293D491B00F532CB /* Base */,
			);
			name = LaunchScreen.storyboard;
			sourceTree = "<group>";
		};
		3CA8A4282941C49D003F9D42 /* Localizable.strings */ = {
			isa = PBXVariantGroup;
			children = (
				3CA8A4292941C49D003F9D42 /* fr-CA */,
			);
			name = Localizable.strings;
			sourceTree = "<group>";
		};
/* End PBXVariantGroup section */

/* Begin XCBuildConfiguration section */
		3C141EC8293D491B00F532CB /* Debug */ = {
			isa = XCBuildConfiguration;
			buildSettings = {
				ALWAYS_SEARCH_USER_PATHS = NO;
				CLANG_ANALYZER_LOCALIZABILITY_NONLOCALIZED = YES;
				CLANG_ANALYZER_NONNULL = YES;
				CLANG_ANALYZER_NUMBER_OBJECT_CONVERSION = YES_AGGRESSIVE;
				CLANG_CXX_LANGUAGE_STANDARD = "gnu++20";
				CLANG_ENABLE_MODULES = YES;
				CLANG_ENABLE_OBJC_ARC = YES;
				CLANG_ENABLE_OBJC_WEAK = YES;
				CLANG_WARN_BLOCK_CAPTURE_AUTORELEASING = YES;
				CLANG_WARN_BOOL_CONVERSION = YES;
				CLANG_WARN_COMMA = YES;
				CLANG_WARN_CONSTANT_CONVERSION = YES;
				CLANG_WARN_DEPRECATED_OBJC_IMPLEMENTATIONS = YES;
				CLANG_WARN_DIRECT_OBJC_ISA_USAGE = YES_ERROR;
				CLANG_WARN_DOCUMENTATION_COMMENTS = YES;
				CLANG_WARN_EMPTY_BODY = YES;
				CLANG_WARN_ENUM_CONVERSION = YES;
				CLANG_WARN_INFINITE_RECURSION = YES;
				CLANG_WARN_INT_CONVERSION = YES;
				CLANG_WARN_NON_LITERAL_NULL_CONVERSION = YES;
				CLANG_WARN_OBJC_IMPLICIT_RETAIN_SELF = YES;
				CLANG_WARN_OBJC_LITERAL_CONVERSION = YES;
				CLANG_WARN_OBJC_ROOT_CLASS = YES_ERROR;
				CLANG_WARN_QUOTED_INCLUDE_IN_FRAMEWORK_HEADER = YES;
				CLANG_WARN_RANGE_LOOP_ANALYSIS = YES;
				CLANG_WARN_STRICT_PROTOTYPES = YES;
				CLANG_WARN_SUSPICIOUS_MOVE = YES;
				CLANG_WARN_UNGUARDED_AVAILABILITY = YES_AGGRESSIVE;
				CLANG_WARN_UNREACHABLE_CODE = YES;
				CLANG_WARN__DUPLICATE_METHOD_MATCH = YES;
				COPY_PHASE_STRIP = NO;
				DEBUG_INFORMATION_FORMAT = dwarf;
				ENABLE_STRICT_OBJC_MSGSEND = YES;
				ENABLE_TESTABILITY = YES;
				GCC_C_LANGUAGE_STANDARD = gnu11;
				GCC_DYNAMIC_NO_PIC = NO;
				GCC_NO_COMMON_BLOCKS = YES;
				GCC_OPTIMIZATION_LEVEL = 0;
				GCC_PREPROCESSOR_DEFINITIONS = (
					"DEBUG=1",
					"$(inherited)",
				);
				GCC_WARN_64_TO_32_BIT_CONVERSION = YES;
				GCC_WARN_ABOUT_RETURN_TYPE = YES_ERROR;
				GCC_WARN_UNDECLARED_SELECTOR = YES;
				GCC_WARN_UNINITIALIZED_AUTOS = YES_AGGRESSIVE;
				GCC_WARN_UNUSED_FUNCTION = YES;
				GCC_WARN_UNUSED_VARIABLE = YES;
				IPHONEOS_DEPLOYMENT_TARGET = 16.1;
				MTL_ENABLE_DEBUG_INFO = INCLUDE_SOURCE;
				MTL_FAST_MATH = YES;
				ONLY_ACTIVE_ARCH = YES;
				SDKROOT = iphoneos;
				SWIFT_ACTIVE_COMPILATION_CONDITIONS = DEBUG;
				SWIFT_OPTIMIZATION_LEVEL = "-Onone";
			};
			name = Debug;
		};
		3C141EC9293D491B00F532CB /* Release */ = {
			isa = XCBuildConfiguration;
			buildSettings = {
				ALWAYS_SEARCH_USER_PATHS = NO;
				CLANG_ANALYZER_LOCALIZABILITY_NONLOCALIZED = YES;
				CLANG_ANALYZER_NONNULL = YES;
				CLANG_ANALYZER_NUMBER_OBJECT_CONVERSION = YES_AGGRESSIVE;
				CLANG_CXX_LANGUAGE_STANDARD = "gnu++20";
				CLANG_ENABLE_MODULES = YES;
				CLANG_ENABLE_OBJC_ARC = YES;
				CLANG_ENABLE_OBJC_WEAK = YES;
				CLANG_WARN_BLOCK_CAPTURE_AUTORELEASING = YES;
				CLANG_WARN_BOOL_CONVERSION = YES;
				CLANG_WARN_COMMA = YES;
				CLANG_WARN_CONSTANT_CONVERSION = YES;
				CLANG_WARN_DEPRECATED_OBJC_IMPLEMENTATIONS = YES;
				CLANG_WARN_DIRECT_OBJC_ISA_USAGE = YES_ERROR;
				CLANG_WARN_DOCUMENTATION_COMMENTS = YES;
				CLANG_WARN_EMPTY_BODY = YES;
				CLANG_WARN_ENUM_CONVERSION = YES;
				CLANG_WARN_INFINITE_RECURSION = YES;
				CLANG_WARN_INT_CONVERSION = YES;
				CLANG_WARN_NON_LITERAL_NULL_CONVERSION = YES;
				CLANG_WARN_OBJC_IMPLICIT_RETAIN_SELF = YES;
				CLANG_WARN_OBJC_LITERAL_CONVERSION = YES;
				CLANG_WARN_OBJC_ROOT_CLASS = YES_ERROR;
				CLANG_WARN_QUOTED_INCLUDE_IN_FRAMEWORK_HEADER = YES;
				CLANG_WARN_RANGE_LOOP_ANALYSIS = YES;
				CLANG_WARN_STRICT_PROTOTYPES = YES;
				CLANG_WARN_SUSPICIOUS_MOVE = YES;
				CLANG_WARN_UNGUARDED_AVAILABILITY = YES_AGGRESSIVE;
				CLANG_WARN_UNREACHABLE_CODE = YES;
				CLANG_WARN__DUPLICATE_METHOD_MATCH = YES;
				COPY_PHASE_STRIP = NO;
				DEBUG_INFORMATION_FORMAT = "dwarf-with-dsym";
				ENABLE_NS_ASSERTIONS = NO;
				ENABLE_STRICT_OBJC_MSGSEND = YES;
				GCC_C_LANGUAGE_STANDARD = gnu11;
				GCC_NO_COMMON_BLOCKS = YES;
				GCC_WARN_64_TO_32_BIT_CONVERSION = YES;
				GCC_WARN_ABOUT_RETURN_TYPE = YES_ERROR;
				GCC_WARN_UNDECLARED_SELECTOR = YES;
				GCC_WARN_UNINITIALIZED_AUTOS = YES_AGGRESSIVE;
				GCC_WARN_UNUSED_FUNCTION = YES;
				GCC_WARN_UNUSED_VARIABLE = YES;
				IPHONEOS_DEPLOYMENT_TARGET = 16.1;
				MTL_ENABLE_DEBUG_INFO = NO;
				MTL_FAST_MATH = YES;
				SDKROOT = iphoneos;
				SWIFT_COMPILATION_MODE = wholemodule;
				SWIFT_OPTIMIZATION_LEVEL = "-O";
				VALIDATE_PRODUCT = YES;
			};
			name = Release;
		};
		3C141ECB293D491B00F532CB /* Debug */ = {
			isa = XCBuildConfiguration;
			buildSettings = {
				ASSETCATALOG_COMPILER_APPICON_NAME = AppIcon;
				ASSETCATALOG_COMPILER_GLOBAL_ACCENT_COLOR_NAME = AccentColor;
				CODE_SIGN_STYLE = Automatic;
				CURRENT_PROJECT_VERSION = 1;
				DEVELOPMENT_TEAM = MKA944ZRT8;
				GENERATE_INFOPLIST_FILE = YES;
				INFOPLIST_FILE = "Canadian Swiss Army Knife/Info.plist";
				INFOPLIST_KEY_UIApplicationSupportsIndirectInputEvents = YES;
				INFOPLIST_KEY_UILaunchStoryboardName = LaunchScreen;
				INFOPLIST_KEY_UIMainStoryboardFile = Main;
				INFOPLIST_KEY_UISupportedInterfaceOrientations_iPad = "UIInterfaceOrientationPortrait UIInterfaceOrientationPortraitUpsideDown UIInterfaceOrientationLandscapeLeft UIInterfaceOrientationLandscapeRight";
				INFOPLIST_KEY_UISupportedInterfaceOrientations_iPhone = "UIInterfaceOrientationPortrait UIInterfaceOrientationLandscapeLeft UIInterfaceOrientationLandscapeRight";
				IPHONEOS_DEPLOYMENT_TARGET = 13.6;
				LD_RUNPATH_SEARCH_PATHS = (
					"$(inherited)",
					"@executable_path/Frameworks",
				);
				MARKETING_VERSION = 1.0;
				PRODUCT_BUNDLE_IDENTIFIER = "com.jinshub.Canadian-Swiss-Army-Knife";
				PRODUCT_NAME = "$(TARGET_NAME)";
				SWIFT_EMIT_LOC_STRINGS = YES;
				SWIFT_VERSION = 5.0;
				TARGETED_DEVICE_FAMILY = "1,2";
			};
			name = Debug;
		};
		3C141ECC293D491B00F532CB /* Release */ = {
			isa = XCBuildConfiguration;
			buildSettings = {
				ASSETCATALOG_COMPILER_APPICON_NAME = AppIcon;
				ASSETCATALOG_COMPILER_GLOBAL_ACCENT_COLOR_NAME = AccentColor;
				CODE_SIGN_STYLE = Automatic;
				CURRENT_PROJECT_VERSION = 1;
				DEVELOPMENT_TEAM = MKA944ZRT8;
				GENERATE_INFOPLIST_FILE = YES;
				INFOPLIST_FILE = "Canadian Swiss Army Knife/Info.plist";
				INFOPLIST_KEY_UIApplicationSupportsIndirectInputEvents = YES;
				INFOPLIST_KEY_UILaunchStoryboardName = LaunchScreen;
				INFOPLIST_KEY_UIMainStoryboardFile = Main;
				INFOPLIST_KEY_UISupportedInterfaceOrientations_iPad = "UIInterfaceOrientationPortrait UIInterfaceOrientationPortraitUpsideDown UIInterfaceOrientationLandscapeLeft UIInterfaceOrientationLandscapeRight";
				INFOPLIST_KEY_UISupportedInterfaceOrientations_iPhone = "UIInterfaceOrientationPortrait UIInterfaceOrientationLandscapeLeft UIInterfaceOrientationLandscapeRight";
				IPHONEOS_DEPLOYMENT_TARGET = 13.6;
				LD_RUNPATH_SEARCH_PATHS = (
					"$(inherited)",
					"@executable_path/Frameworks",
				);
				MARKETING_VERSION = 1.0;
				PRODUCT_BUNDLE_IDENTIFIER = "com.jinshub.Canadian-Swiss-Army-Knife";
				PRODUCT_NAME = "$(TARGET_NAME)";
				SWIFT_EMIT_LOC_STRINGS = YES;
				SWIFT_VERSION = 5.0;
				TARGETED_DEVICE_FAMILY = "1,2";
			};
			name = Release;
		};
/* End XCBuildConfiguration section */

/* Begin XCConfigurationList section */
		3C141EAE293D491A00F532CB /* Build configuration list for PBXProject "Canadian Swiss Army Knife" */ = {
			isa = XCConfigurationList;
			buildConfigurations = (
				3C141EC8293D491B00F532CB /* Debug */,
				3C141EC9293D491B00F532CB /* Release */,
			);
			defaultConfigurationIsVisible = 0;
			defaultConfigurationName = Release;
		};
		3C141ECA293D491B00F532CB /* Build configuration list for PBXNativeTarget "Canadian Swiss Army Knife" */ = {
			isa = XCConfigurationList;
			buildConfigurations = (
				3C141ECB293D491B00F532CB /* Debug */,
				3C141ECC293D491B00F532CB /* Release */,
			);
			defaultConfigurationIsVisible = 0;
			defaultConfigurationName = Release;
		};
/* End XCConfigurationList section */

/* Begin XCVersionGroup section */
		3C141EBF293D491A00F532CB /* Canadian_Swiss_Army_Knife.xcdatamodeld */ = {
			isa = XCVersionGroup;
			children = (
				3C141EC0293D491A00F532CB /* Canadian_Swiss_Army_Knife.xcdatamodel */,
			);
			currentVersion = 3C141EC0293D491A00F532CB /* Canadian_Swiss_Army_Knife.xcdatamodel */;
			path = Canadian_Swiss_Army_Knife.xcdatamodeld;
			sourceTree = "<group>";
			versionGroupType = wrapper.xcdatamodel;
		};
/* End XCVersionGroup section */
	};
	rootObject = 3C141EAB293D491A00F532CB /* Project object */;
}
